
Microsoft Visual Studio Solution File, Format Version 12.00
Project("{FAE04EC0-301F-11D3-BF4B-00C04F79EFBC}") = "ProxiChatCSharp", "ProxiChatCSharp.csproj", "{370E2CCF-F5C1-475F-ACF7-F5FC49A9015A}"
EndProject
Global
	GlobalSection(SolutionConfigurationPlatforms) = preSolution
		Debug|Any CPU = Debug|Any CPU
		Release|Any CPU = Release|Any CPU
	EndGlobalSection
	GlobalSection(ProjectConfigurationPlatforms) = postSolution
		{370E2CCF-F5C1-475F-ACF7-F5FC49A9015A}.Debug|Any CPU.ActiveCfg = Debug|Any CPU
		{370E2CCF-F5C1-475F-ACF7-F5FC49A9015A}.Debug|Any CPU.Build.0 = Debug|Any CPU
		{370E2CCF-F5C1-475F-ACF7-F5FC49A9015A}.Release|Any CPU.ActiveCfg = Release|Any CPU
		{370E2CCF-F5C1-475F-ACF7-F5FC49A9015A}.Release|Any CPU.Build.0 = Release|Any CPU
	EndGlobalSection
EndGlobal
